
Microsoft Visual Studio Solution File, Format Version 12.00
# Visual Studio Version 17
VisualStudioVersion = 17.7.34031.279
MinimumVisualStudioVersion = 10.0.40219.1
Project("{FAE04EC0-301F-11D3-BF4B-00C04F79EFBC}") = "Hodina-1-Ukol-1", "Hodina-1-Ukol-1\Hodina-1-Ukol-1.csproj", "{FF18092A-72DF-4E27-A64E-117A62A95CFC}"
EndProject
Global
	GlobalSection(SolutionConfigurationPlatforms) = preSolution
		Debug|Any CPU = Debug|Any CPU
		Release|Any CPU = Release|Any CPU
	EndGlobalSection
	GlobalSection(ProjectConfigurationPlatforms) = postSolution
		{FF18092A-72DF-4E27-A64E-117A62A95CFC}.Debug|Any CPU.ActiveCfg = Debug|Any CPU
		{FF18092A-72DF-4E27-A64E-117A62A95CFC}.Debug|Any CPU.Build.0 = Debug|Any CPU
		{FF18092A-72DF-4E27-A64E-117A62A95CFC}.Release|Any CPU.ActiveCfg = Release|Any CPU
		{FF18092A-72DF-4E27-A64E-117A62A95CFC}.Release|Any CPU.Build.0 = Release|Any CPU
	EndGlobalSection
	GlobalSection(SolutionProperties) = preSolution
		HideSolutionNode = FALSE
	EndGlobalSection
	GlobalSection(ExtensibilityGlobals) = postSolution
		SolutionGuid = {1F4CB9DF-F448-4EFE-9D5D-C9470A65E006}
	EndGlobalSection
EndGlobal
